// !$*UTF8*$!
{
	archiveVersion = 1;
	classes = {
	};
	objectVersion = 46;
	objects = {

/* Begin PBXBuildFile section */
		106D7EBC1F1C627400F05A69 /* UITextField+ASInput.m in Sources */ = {isa = PBXBuildFile; fileRef = 106D7EBB1F1C627400F05A69 /* UITextField+ASInput.m */; };
		10F8E4611F17659500E579AD /* ASTextField.m in Sources */ = {isa = PBXBuildFile; fileRef = 10F8E4601F17659500E579AD /* ASTextField.m */; };
		10F8E4641F18A00600E579AD /* ASInputPromptView.m in Sources */ = {isa = PBXBuildFile; fileRef = 10F8E4631F18A00600E579AD /* ASInputPromptView.m */; };
		A5866BF21F0F332B00136E80 /* main.m in Sources */ = {isa = PBXBuildFile; fileRef = A5866BF11F0F332B00136E80 /* main.m */; };
		A5866BF51F0F332B00136E80 /* AppDelegate.m in Sources */ = {isa = PBXBuildFile; fileRef = A5866BF41F0F332B00136E80 /* AppDelegate.m */; };
		A5866BF81F0F332B00136E80 /* ViewController.m in Sources */ = {isa = PBXBuildFile; fileRef = A5866BF71F0F332B00136E80 /* ViewController.m */; };
		A5866BFB1F0F332B00136E80 /* Main.storyboard in Resources */ = {isa = PBXBuildFile; fileRef = A5866BF91F0F332B00136E80 /* Main.storyboard */; };
		A5866BFD1F0F332B00136E80 /* Assets.xcassets in Resources */ = {isa = PBXBuildFile; fileRef = A5866BFC1F0F332B00136E80 /* Assets.xcassets */; };
		A5866C001F0F332B00136E80 /* LaunchScreen.storyboard in Resources */ = {isa = PBXBuildFile; fileRef = A5866BFE1F0F332B00136E80 /* LaunchScreen.storyboard */; };
		A5866C0B1F0F332C00136E80 /* TextFieldDemoTests.m in Sources */ = {isa = PBXBuildFile; fileRef = A5866C0A1F0F332C00136E80 /* TextFieldDemoTests.m */; };
		A5866C161F0F332C00136E80 /* TextFieldDemoUITests.m in Sources */ = {isa = PBXBuildFile; fileRef = A5866C151F0F332C00136E80 /* TextFieldDemoUITests.m */; };
/* End PBXBuildFile section */

/* Begin PBXContainerItemProxy section */
		A5866C071F0F332C00136E80 /* PBXContainerItemProxy */ = {
			isa = PBXContainerItemProxy;
			containerPortal = A5866BE51F0F332B00136E80 /* Project object */;
			proxyType = 1;
			remoteGlobalIDString = A5866BEC1F0F332B00136E80;
			remoteInfo = TextFieldDemo;
		};
		A5866C121F0F332C00136E80 /* PBXContainerItemProxy */ = {
			isa = PBXContainerItemProxy;
			containerPortal = A5866BE51F0F332B00136E80 /* Project object */;
			proxyType = 1;
			remoteGlobalIDString = A5866BEC1F0F332B00136E80;
			remoteInfo = TextFieldDemo;
		};
/* End PBXContainerItemProxy section */

/* Begin PBXFileReference section */
		106D7EBA1F1C627400F05A69 /* UITextField+ASInput.h */ = {isa = PBXFileReference; fileEncoding = 4; lastKnownFileType = sourcecode.c.h; path = "UITextField+ASInput.h"; sourceTree = "<group>"; };
		106D7EBB1F1C627400F05A69 /* UITextField+ASInput.m */ = {isa = PBXFileReference; fileEncoding = 4; lastKnownFileType = sourcecode.c.objc; path = "UITextField+ASInput.m"; sourceTree = "<group>"; };
		10F8E45F1F17659500E579AD /* ASTextField.h */ = {isa = PBXFileReference; fileEncoding = 4; lastKnownFileType = sourcecode.c.h; path = ASTextField.h; sourceTree = "<group>"; };
		10F8E4601F17659500E579AD /* ASTextField.m */ = {isa = PBXFileReference; fileEncoding = 4; lastKnownFileType = sourcecode.c.objc; path = ASTextField.m; sourceTree = "<group>"; };
		10F8E4621F18A00600E579AD /* ASInputPromptView.h */ = {isa = PBXFileReference; fileEncoding = 4; lastKnownFileType = sourcecode.c.h; path = ASInputPromptView.h; sourceTree = "<group>"; };
		10F8E4631F18A00600E579AD /* ASInputPromptView.m */ = {isa = PBXFileReference; fileEncoding = 4; lastKnownFileType = sourcecode.c.objc; path = ASInputPromptView.m; sourceTree = "<group>"; };
		A5866BED1F0F332B00136E80 /* TextFieldDemo.app */ = {isa = PBXFileReference; explicitFileType = wrapper.application; includeInIndex = 0; path = TextFieldDemo.app; sourceTree = BUILT_PRODUCTS_DIR; };
		A5866BF11F0F332B00136E80 /* main.m */ = {isa = PBXFileReference; lastKnownFileType = sourcecode.c.objc; path = main.m; sourceTree = "<group>"; };
		A5866BF31F0F332B00136E80 /* AppDelegate.h */ = {isa = PBXFileReference; lastKnownFileType = sourcecode.c.h; path = AppDelegate.h; sourceTree = "<group>"; };
		A5866BF41F0F332B00136E80 /* AppDelegate.m */ = {isa = PBXFileReference; lastKnownFileType = sourcecode.c.objc; path = AppDelegate.m; sourceTree = "<group>"; };
		A5866BF61F0F332B00136E80 /* ViewController.h */ = {isa = PBXFileReference; lastKnownFileType = sourcecode.c.h; path = ViewController.h; sourceTree = "<group>"; };
		A5866BF71F0F332B00136E80 /* ViewController.m */ = {isa = PBXFileReference; lastKnownFileType = sourcecode.c.objc; path = ViewController.m; sourceTree = "<group>"; };
		A5866BFA1F0F332B00136E80 /* Base */ = {isa = PBXFileReference; lastKnownFileType = file.storyboard; name = Base; path = Base.lproj/Main.storyboard; sourceTree = "<group>"; };
		A5866BFC1F0F332B00136E80 /* Assets.xcassets */ = {isa = PBXFileReference; lastKnownFileType = folder.assetcatalog; path = Assets.xcassets; sourceTree = "<group>"; };
		A5866BFF1F0F332B00136E80 /* Base */ = {isa = PBXFileReference; lastKnownFileType = file.storyboard; name = Base; path = Base.lproj/LaunchScreen.storyboard; sourceTree = "<group>"; };
		A5866C011F0F332B00136E80 /* Info.plist */ = {isa = PBXFileReference; lastKnownFileType = text.plist.xml; path = Info.plist; sourceTree = "<group>"; };
		A5866C061F0F332C00136E80 /* TextFieldDemoTests.xctest */ = {isa = PBXFileReference; explicitFileType = wrapper.cfbundle; includeInIndex = 0; path = TextFieldDemoTests.xctest; sourceTree = BUILT_PRODUCTS_DIR; };
		A5866C0A1F0F332C00136E80 /* TextFieldDemoTests.m */ = {isa = PBXFileReference; lastKnownFileType = sourcecode.c.objc; path = TextFieldDemoTests.m; sourceTree = "<group>"; };
		A5866C0C1F0F332C00136E80 /* Info.plist */ = {isa = PBXFileReference; lastKnownFileType = text.plist.xml; path = Info.plist; sourceTree = "<group>"; };
		A5866C111F0F332C00136E80 /* TextFieldDemoUITests.xctest */ = {isa = PBXFileReference; explicitFileType = wrapper.cfbundle; includeInIndex = 0; path = TextFieldDemoUITests.xctest; sourceTree = BUILT_PRODUCTS_DIR; };
		A5866C151F0F332C00136E80 /* TextFieldDemoUITests.m */ = {isa = PBXFileReference; lastKnownFileType = sourcecode.c.objc; path = TextFieldDemoUITests.m; sourceTree = "<group>"; };
		A5866C171F0F332C00136E80 /* Info.plist */ = {isa = PBXFileReference; lastKnownFileType = text.plist.xml; path = Info.plist; sourceTree = "<group>"; };
/* End PBXFileReference section */

/* Begin PBXFrameworksBuildPhase section */
		A5866BEA1F0F332B00136E80 /* Frameworks */ = {
			isa = PBXFrameworksBuildPhase;
			buildActionMask = 2147483647;
			files = (
			);
			runOnlyForDeploymentPostprocessing = 0;
		};
		A5866C031F0F332C00136E80 /* Frameworks */ = {
			isa = PBXFrameworksBuildPhase;
			buildActionMask = 2147483647;
			files = (
			);
			runOnlyForDeploymentPostprocessing = 0;
		};
		A5866C0E1F0F332C00136E80 /* Frameworks */ = {
			isa = PBXFrameworksBuildPhase;
			buildActionMask = 2147483647;
			files = (
			);
			runOnlyForDeploymentPostprocessing = 0;
		};
/* End PBXFrameworksBuildPhase section */

/* Begin PBXGroup section */
		103BBF4B1F13589700A4F3BB /* textField */ = {
			isa = PBXGroup;
			children = (
				10F8E45F1F17659500E579AD /* ASTextField.h */,
				10F8E4601F17659500E579AD /* ASTextField.m */,
				10F8E4621F18A00600E579AD /* ASInputPromptView.h */,
				10F8E4631F18A00600E579AD /* ASInputPromptView.m */,
				106D7EBA1F1C627400F05A69 /* UITextField+ASInput.h */,
				106D7EBB1F1C627400F05A69 /* UITextField+ASInput.m */,
			);
			path = textField;
			sourceTree = "<group>";
		};
		A5866BE41F0F332B00136E80 = {
			isa = PBXGroup;
			children = (
				A5866BEF1F0F332B00136E80 /* TextFieldDemo */,
				A5866C091F0F332C00136E80 /* TextFieldDemoTests */,
				A5866C141F0F332C00136E80 /* TextFieldDemoUITests */,
				A5866BEE1F0F332B00136E80 /* Products */,
			);
			sourceTree = "<group>";
		};
		A5866BEE1F0F332B00136E80 /* Products */ = {
			isa = PBXGroup;
			children = (
				A5866BED1F0F332B00136E80 /* TextFieldDemo.app */,
				A5866C061F0F332C00136E80 /* TextFieldDemoTests.xctest */,
				A5866C111F0F332C00136E80 /* TextFieldDemoUITests.xctest */,
			);
			name = Products;
			sourceTree = "<group>";
		};
		A5866BEF1F0F332B00136E80 /* TextFieldDemo */ = {
			isa = PBXGroup;
			children = (
				103BBF4B1F13589700A4F3BB /* textField */,
				A5866BF31F0F332B00136E80 /* AppDelegate.h */,
				A5866BF41F0F332B00136E80 /* AppDelegate.m */,
				A5866BF61F0F332B00136E80 /* ViewController.h */,
				A5866BF71F0F332B00136E80 /* ViewController.m */,
				A5866BF91F0F332B00136E80 /* Main.storyboard */,
				A5866BFC1F0F332B00136E80 /* Assets.xcassets */,
				A5866BFE1F0F332B00136E80 /* LaunchScreen.storyboard */,
				A5866C011F0F332B00136E80 /* Info.plist */,
				A5866BF01F0F332B00136E80 /* Supporting Files */,
			);
			path = TextFieldDemo;
			sourceTree = "<group>";
		};
		A5866BF01F0F332B00136E80 /* Supporting Files */ = {
			isa = PBXGroup;
			children = (
				A5866BF11F0F332B00136E80 /* main.m */,
			);
			name = "Supporting Files";
			sourceTree = "<group>";
		};
		A5866C091F0F332C00136E80 /* TextFieldDemoTests */ = {
			isa = PBXGroup;
			children = (
				A5866C0A1F0F332C00136E80 /* TextFieldDemoTests.m */,
				A5866C0C1F0F332C00136E80 /* Info.plist */,
			);
			path = TextFieldDemoTests;
			sourceTree = "<group>";
		};
		A5866C141F0F332C00136E80 /* TextFieldDemoUITests */ = {
			isa = PBXGroup;
			children = (
				A5866C151F0F332C00136E80 /* TextFieldDemoUITests.m */,
				A5866C171F0F332C00136E80 /* Info.plist */,
			);
			path = TextFieldDemoUITests;
			sourceTree = "<group>";
		};
/* End PBXGroup section */

/* Begin PBXNativeTarget section */
		A5866BEC1F0F332B00136E80 /* TextFieldDemo */ = {
			isa = PBXNativeTarget;
			buildConfigurationList = A5866C1A1F0F332C00136E80 /* Build configuration list for PBXNativeTarget "TextFieldDemo" */;
			buildPhases = (
				A5866BE91F0F332B00136E80 /* Sources */,
				A5866BEA1F0F332B00136E80 /* Frameworks */,
				A5866BEB1F0F332B00136E80 /* Resources */,
			);
			buildRules = (
			);
			dependencies = (
			);
			name = TextFieldDemo;
			productName = TextFieldDemo;
			productReference = A5866BED1F0F332B00136E80 /* TextFieldDemo.app */;
			productType = "com.apple.product-type.application";
		};
		A5866C051F0F332C00136E80 /* TextFieldDemoTests */ = {
			isa = PBXNativeTarget;
			buildConfigurationList = A5866C1D1F0F332C00136E80 /* Build configuration list for PBXNativeTarget "TextFieldDemoTests" */;
			buildPhases = (
				A5866C021F0F332C00136E80 /* Sources */,
				A5866C031F0F332C00136E80 /* Frameworks */,
				A5866C041F0F332C00136E80 /* Resources */,
			);
			buildRules = (
			);
			dependencies = (
				A5866C081F0F332C00136E80 /* PBXTargetDependency */,
			);
			name = TextFieldDemoTests;
			productName = TextFieldDemoTests;
			productReference = A5866C061F0F332C00136E80 /* TextFieldDemoTests.xctest */;
			productType = "com.apple.product-type.bundle.unit-test";
		};
		A5866C101F0F332C00136E80 /* TextFieldDemoUITests */ = {
			isa = PBXNativeTarget;
			buildConfigurationList = A5866C201F0F332C00136E80 /* Build configuration list for PBXNativeTarget "TextFieldDemoUITests" */;
			buildPhases = (
				A5866C0D1F0F332C00136E80 /* Sources */,
				A5866C0E1F0F332C00136E80 /* Frameworks */,
				A5866C0F1F0F332C00136E80 /* Resources */,
			);
			buildRules = (
			);
			dependencies = (
				A5866C131F0F332C00136E80 /* PBXTargetDependency */,
			);
			name = TextFieldDemoUITests;
			productName = TextFieldDemoUITests;
			productReference = A5866C111F0F332C00136E80 /* TextFieldDemoUITests.xctest */;
			productType = "com.apple.product-type.bundle.ui-testing";
		};
/* End PBXNativeTarget section */

/* Begin PBXProject section */
		A5866BE51F0F332B00136E80 /* Project object */ = {
			isa = PBXProject;
			attributes = {
				LastUpgradeCheck = 0830;
				ORGANIZATIONNAME = yeeuu;
				TargetAttributes = {
					A5866BEC1F0F332B00136E80 = {
						CreatedOnToolsVersion = 8.3.3;
						DevelopmentTeam = JDKVPZ9UN9;
						ProvisioningStyle = Automatic;
					};
					A5866C051F0F332C00136E80 = {
						CreatedOnToolsVersion = 8.3.3;
						DevelopmentTeam = HS25J5C3Q8;
						ProvisioningStyle = Automatic;
						TestTargetID = A5866BEC1F0F332B00136E80;
					};
					A5866C101F0F332C00136E80 = {
						CreatedOnToolsVersion = 8.3.3;
						DevelopmentTeam = HS25J5C3Q8;
						ProvisioningStyle = Automatic;
						TestTargetID = A5866BEC1F0F332B00136E80;
					};
				};
			};
			buildConfigurationList = A5866BE81F0F332B00136E80 /* Build configuration list for PBXProject "TextFieldDemo" */;
			compatibilityVersion = "Xcode 3.2";
			developmentRegion = English;
			hasScannedForEncodings = 0;
			knownRegions = (
				en,
				Base,
			);
			mainGroup = A5866BE41F0F332B00136E80;
			productRefGroup = A5866BEE1F0F332B00136E80 /* Products */;
			projectDirPath = "";
			projectRoot = "";
			targets = (
				A5866BEC1F0F332B00136E80 /* TextFieldDemo */,
				A5866C051F0F332C00136E80 /* TextFieldDemoTests */,
				A5866C101F0F332C00136E80 /* TextFieldDemoUITests */,
			);
		};
/* End PBXProject section */

/* Begin PBXResourcesBuildPhase section */
		A5866BEB1F0F332B00136E80 /* Resources */ = {
			isa = PBXResourcesBuildPhase;
			buildActionMask = 2147483647;
			files = (
				A5866C001F0F332B00136E80 /* LaunchScreen.storyboard in Resources */,
				A5866BFD1F0F332B00136E80 /* Assets.xcassets in Resources */,
				A5866BFB1F0F332B00136E80 /* Main.storyboard in Resources */,
			);
			runOnlyForDeploymentPostprocessing = 0;
		};
		A5866C041F0F332C00136E80 /* Resources */ = {
			isa = PBXResourcesBuildPhase;
			buildActionMask = 2147483647;
			files = (
			);
			runOnlyForDeploymentPostprocessing = 0;
		};
		A5866C0F1F0F332C00136E80 /* Resources */ = {
			isa = PBXResourcesBuildPhase;
			buildActionMask = 2147483647;
			files = (
			);
			runOnlyForDeploymentPostprocessing = 0;
		};
/* End PBXResourcesBuildPhase section */

/* Begin PBXSourcesBuildPhase section */
		A5866BE91F0F332B00136E80 /* Sources */ = {
			isa = PBXSourcesBuildPhase;
			buildActionMask = 2147483647;
			files = (
				A5866BF81F0F332B00136E80 /* ViewController.m in Sources */,
				10F8E4611F17659500E579AD /* ASTextField.m in Sources */,
				A5866BF51F0F332B00136E80 /* AppDelegate.m in Sources */,
				10F8E4641F18A00600E579AD /* ASInputPromptView.m in Sources */,
				106D7EBC1F1C627400F05A69 /* UITextField+ASInput.m in Sources */,
				A5866BF21F0F332B00136E80 /* main.m in Sources */,
			);
			runOnlyForDeploymentPostprocessing = 0;
		};
		A5866C021F0F332C00136E80 /* Sources */ = {
			isa = PBXSourcesBuildPhase;
			buildActionMask = 2147483647;
			files = (
				A5866C0B1F0F332C00136E80 /* TextFieldDemoTests.m in Sources */,
			);
			runOnlyForDeploymentPostprocessing = 0;
		};
		A5866C0D1F0F332C00136E80 /* Sources */ = {
			isa = PBXSourcesBuildPhase;
			buildActionMask = 2147483647;
			files = (
				A5866C161F0F332C00136E80 /* TextFieldDemoUITests.m in Sources */,
			);
			runOnlyForDeploymentPostprocessing = 0;
		};
/* End PBXSourcesBuildPhase section */

/* Begin PBXTargetDependency section */
		A5866C081F0F332C00136E80 /* PBXTargetDependency */ = {
			isa = PBXTargetDependency;
			target = A5866BEC1F0F332B00136E80 /* TextFieldDemo */;
			targetProxy = A5866C071F0F332C00136E80 /* PBXContainerItemProxy */;
		};
		A5866C131F0F332C00136E80 /* PBXTargetDependency */ = {
			isa = PBXTargetDependency;
			target = A5866BEC1F0F332B00136E80 /* TextFieldDemo */;
			targetProxy = A5866C121F0F332C00136E80 /* PBXContainerItemProxy */;
		};
/* End PBXTargetDependency section */

/* Begin PBXVariantGroup section */
		A5866BF91F0F332B00136E80 /* Main.storyboard */ = {
			isa = PBXVariantGroup;
			children = (
				A5866BFA1F0F332B00136E80 /* Base */,
			);
			name = Main.storyboard;
			sourceTree = "<group>";
		};
		A5866BFE1F0F332B00136E80 /* LaunchScreen.storyboard */ = {
			isa = PBXVariantGroup;
			children = (
				A5866BFF1F0F332B00136E80 /* Base */,
			);
			name = LaunchScreen.storyboard;
			sourceTree = "<group>";
		};
/* End PBXVariantGroup section */

/* Begin XCBuildConfiguration section */
		A5866C181F0F332C00136E80 /* Debug */ = {
			isa = XCBuildConfiguration;
			buildSettings = {
				ALWAYS_SEARCH_USER_PATHS = NO;
				CLANG_ANALYZER_NONNULL = YES;
				CLANG_ANALYZER_NUMBER_OBJECT_CONVERSION = YES_AGGRESSIVE;
				CLANG_CXX_LANGUAGE_STANDARD = "gnu++0x";
				CLANG_CXX_LIBRARY = "libc++";
				CLANG_ENABLE_MODULES = YES;
				CLANG_ENABLE_OBJC_ARC = YES;
				CLANG_WARN_BOOL_CONVERSION = YES;
				CLANG_WARN_CONSTANT_CONVERSION = YES;
				CLANG_WARN_DIRECT_OBJC_ISA_USAGE = YES_ERROR;
				CLANG_WARN_DOCUMENTATION_COMMENTS = YES;
				CLANG_WARN_EMPTY_BODY = YES;
				CLANG_WARN_ENUM_CONVERSION = YES;
				CLANG_WARN_INFINITE_RECURSION = YES;
				CLANG_WARN_INT_CONVERSION = YES;
				CLANG_WARN_OBJC_ROOT_CLASS = YES_ERROR;
				CLANG_WARN_SUSPICIOUS_MOVE = YES;
				CLANG_WARN_UNREACHABLE_CODE = YES;
				CLANG_WARN__DUPLICATE_METHOD_MATCH = YES;
				"CODE_SIGN_IDENTITY[sdk=iphoneos*]" = "iPhone Developer";
				COPY_PHASE_STRIP = NO;
				DEBUG_INFORMATION_FORMAT = dwarf;
				ENABLE_STRICT_OBJC_MSGSEND = YES;
				ENABLE_TESTABILITY = YES;
				GCC_C_LANGUAGE_STANDARD = gnu99;
				GCC_DYNAMIC_NO_PIC = NO;
				GCC_NO_COMMON_BLOCKS = YES;
				GCC_OPTIMIZATION_LEVEL = 0;
				GCC_PREPROCESSOR_DEFINITIONS = (
					"DEBUG=1",
					"$(inherited)",
				);
				GCC_WARN_64_TO_32_BIT_CONVERSION = YES;
				GCC_WARN_ABOUT_RETURN_TYPE = YES_ERROR;
				GCC_WARN_UNDECLARED_SELECTOR = YES;
				GCC_WARN_UNINITIALIZED_AUTOS = YES_AGGRESSIVE;
				GCC_WARN_UNUSED_FUNCTION = YES;
				GCC_WARN_UNUSED_VARIABLE = YES;
				IPHONEOS_DEPLOYMENT_TARGET = 10.3;
				MTL_ENABLE_DEBUG_INFO = YES;
				ONLY_ACTIVE_ARCH = YES;
				SDKROOT = iphoneos;
			};
			name = Debug;
		};
		A5866C191F0F332C00136E80 /* Release */ = {
			isa = XCBuildConfiguration;
			buildSettings = {
				ALWAYS_SEARCH_USER_PATHS = NO;
				CLANG_ANALYZER_NONNULL = YES;
				CLANG_ANALYZER_NUMBER_OBJECT_CONVERSION = YES_AGGRESSIVE;
				CLANG_CXX_LANGUAGE_STANDARD = "gnu++0x";
				CLANG_CXX_LIBRARY = "libc++";
				CLANG_ENABLE_MODULES = YES;
				CLANG_ENABLE_OBJC_ARC = YES;
				CLANG_WARN_BOOL_CONVERSION = YES;
				CLANG_WARN_CONSTANT_CONVERSION = YES;
				CLANG_WARN_DIRECT_OBJC_ISA_USAGE = YES_ERROR;
				CLANG_WARN_DOCUMENTATION_COMMENTS = YES;
				CLANG_WARN_EMPTY_BODY = YES;
				CLANG_WARN_ENUM_CONVERSION = YES;
				CLANG_WARN_INFINITE_RECURSION = YES;
				CLANG_WARN_INT_CONVERSION = YES;
				CLANG_WARN_OBJC_ROOT_CLASS = YES_ERROR;
				CLANG_WARN_SUSPICIOUS_MOVE = YES;
				CLANG_WARN_UNREACHABLE_CODE = YES;
				CLANG_WARN__DUPLICATE_METHOD_MATCH = YES;
				"CODE_SIGN_IDENTITY[sdk=iphoneos*]" = "iPhone Developer";
				COPY_PHASE_STRIP = NO;
				DEBUG_INFORMATION_FORMAT = "dwarf-with-dsym";
				ENABLE_NS_ASSERTIONS = NO;
				ENABLE_STRICT_OBJC_MSGSEND = YES;
				GCC_C_LANGUAGE_STANDARD = gnu99;
				GCC_NO_COMMON_BLOCKS = YES;
				GCC_WARN_64_TO_32_BIT_CONVERSION = YES;
				GCC_WARN_ABOUT_RETURN_TYPE = YES_ERROR;
				GCC_WARN_UNDECLARED_SELECTOR = YES;
				GCC_WARN_UNINITIALIZED_AUTOS = YES_AGGRESSIVE;
				GCC_WARN_UNUSED_FUNCTION = YES;
				GCC_WARN_UNUSED_VARIABLE = YES;
				IPHONEOS_DEPLOYMENT_TARGET = 10.3;
				MTL_ENABLE_DEBUG_INFO = NO;
				SDKROOT = iphoneos;
				VALIDATE_PRODUCT = YES;
			};
			name = Release;
		};
		A5866C1B1F0F332C00136E80 /* Debug */ = {
			isa = XCBuildConfiguration;
			buildSettings = {
				ASSETCATALOG_COMPILER_APPICON_NAME = AppIcon;
				DEVELOPMENT_TEAM = JDKVPZ9UN9;
				INFOPLIST_FILE = TextFieldDemo/Info.plist;
				LD_RUNPATH_SEARCH_PATHS = "$(inherited) @executable_path/Frameworks";
				PRODUCT_BUNDLE_IDENTIFIER = yeeuu.TextFieldDemo;
				PRODUCT_NAME = "$(TARGET_NAME)";
			};
			name = Debug;
		};
		A5866C1C1F0F332C00136E80 /* Release */ = {
			isa = XCBuildConfiguration;
			buildSettings = {
				ASSETCATALOG_COMPILER_APPICON_NAME = AppIcon;
				DEVELOPMENT_TEAM = JDKVPZ9UN9;
				INFOPLIST_FILE = TextFieldDemo/Info.plist;
				LD_RUNPATH_SEARCH_PATHS = "$(inherited) @executable_path/Frameworks";
				PRODUCT_BUNDLE_IDENTIFIER = yeeuu.TextFieldDemo;
				PRODUCT_NAME = "$(TARGET_NAME)";
			};
			name = Release;
		};
		A5866C1E1F0F332C00136E80 /* Debug */ = {
			isa = XCBuildConfiguration;
			buildSettings = {
				BUNDLE_LOADER = "$(TEST_HOST)";
				DEVELOPMENT_TEAM = HS25J5C3Q8;
				INFOPLIST_FILE = TextFieldDemoTests/Info.plist;
				LD_RUNPATH_SEARCH_PATHS = "$(inherited) @executable_path/Frameworks @loader_path/Frameworks";
				PRODUCT_BUNDLE_IDENTIFIER = yeeuu.TextFieldDemoTests;
				PRODUCT_NAME = "$(TARGET_NAME)";
				TEST_HOST = "$(BUILT_PRODUCTS_DIR)/TextFieldDemo.app/TextFieldDemo";
			};
			name = Debug;
		};
		A5866C1F1F0F332C00136E80 /* Release */ = {
			isa = XCBuildConfiguration;
			buildSettings = {
				BUNDLE_LOADER = "$(TEST_HOST)";
				DEVELOPMENT_TEAM = HS25J5C3Q8;
				INFOPLIST_FILE = TextFieldDemoTests/Info.plist;
				LD_RUNPATH_SEARCH_PATHS = "$(inherited) @executable_path/Frameworks @loader_path/Frameworks";
				PRODUCT_BUNDLE_IDENTIFIER = yeeuu.TextFieldDemoTests;
				PRODUCT_NAME = "$(TARGET_NAME)";
				TEST_HOST = "$(BUILT_PRODUCTS_DIR)/TextFieldDemo.app/TextFieldDemo";
			};
			name = Release;
		};
		A5866C211F0F332C00136E80 /* Debug */ = {
			isa = XCBuildConfiguration;
			buildSettings = {
				DEVELOPMENT_TEAM = HS25J5C3Q8;
				INFOPLIST_FILE = TextFieldDemoUITests/Info.plist;
				LD_RUNPATH_SEARCH_PATHS = "$(inherited) @executable_path/Frameworks @loader_path/Frameworks";
				PRODUCT_BUNDLE_IDENTIFIER = yeeuu.TextFieldDemoUITests;
				PRODUCT_NAME = "$(TARGET_NAME)";
				TEST_TARGET_NAME = TextFieldDemo;
			};
			name = Debug;
		};
		A5866C221F0F332C00136E80 /* Release */ = {
			isa = XCBuildConfiguration;
			buildSettings = {
				DEVELOPMENT_TEAM = HS25J5C3Q8;
				INFOPLIST_FILE = TextFieldDemoUITests/Info.plist;
				LD_RUNPATH_SEARCH_PATHS = "$(inherited) @executable_path/Frameworks @loader_path/Frameworks";
				PRODUCT_BUNDLE_IDENTIFIER = yeeuu.TextFieldDemoUITests;
				PRODUCT_NAME = "$(TARGET_NAME)";
				TEST_TARGET_NAME = TextFieldDemo;
			};
			name = Release;
		};
/* End XCBuildConfiguration section */

/* Begin XCConfigurationList section */
		A5866BE81F0F332B00136E80 /* Build configuration list for PBXProject "TextFieldDemo" */ = {
			isa = XCConfigurationList;
			buildConfigurations = (
				A5866C181F0F332C00136E80 /* Debug */,
				A5866C191F0F332C00136E80 /* Release */,
			);
			defaultConfigurationIsVisible = 0;
			defaultConfigurationName = Release;
		};
		A5866C1A1F0F332C00136E80 /* Build configuration list for PBXNativeTarget "TextFieldDemo" */ = {
			isa = XCConfigurationList;
			buildConfigurations = (
				A5866C1B1F0F332C00136E80 /* Debug */,
				A5866C1C1F0F332C00136E80 /* Release */,
			);
			defaultConfigurationIsVisible = 0;
			defaultConfigurationName = Release;
		};
		A5866C1D1F0F332C00136E80 /* Build configuration list for PBXNativeTarget "TextFieldDemoTests" */ = {
			isa = XCConfigurationList;
			buildConfigurations = (
				A5866C1E1F0F332C00136E80 /* Debug */,
				A5866C1F1F0F332C00136E80 /* Release */,
			);
			defaultConfigurationIsVisible = 0;
			defaultConfigurationName = Release;
		};
		A5866C201F0F332C00136E80 /* Build configuration list for PBXNativeTarget "TextFieldDemoUITests" */ = {
			isa = XCConfigurationList;
			buildConfigurations = (
				A5866C211F0F332C00136E80 /* Debug */,
				A5866C221F0F332C00136E80 /* Release */,
			);
			defaultConfigurationIsVisible = 0;
			defaultConfigurationName = Release;
		};
/* End XCConfigurationList section */
	};
	rootObject = A5866BE51F0F332B00136E80 /* Project object */;
}
